
Microsoft Visual Studio Solution File, Format Version 12.00
# Visual Studio Version 17
VisualStudioVersion = 17.0.31903.59
MinimumVisualStudioVersion = 10.0.40219.1
Project("{FAE04EC0-301F-11D3-BF4B-00C04F79EFBC}") = "Compiler", "Compiler\Compiler.csproj", "{567153BB-B550-4EDF-AF8E-5172E7AC5B70}"
EndProject
Project("{FAE04EC0-301F-11D3-BF4B-00C04F79EFBC}") = "Compiler.Tests", "Compiler.Tests\Compiler.Tests.csproj", "{5EC1AD39-EECF-457D-A792-EA58C7D1EDBC}"
EndProject
Global
	GlobalSection(SolutionConfigurationPlatforms) = preSolution
		Debug|Any CPU = Debug|Any CPU
		Debug|x64 = Debug|x64
		Debug|x86 = Debug|x86
		Release|Any CPU = Release|Any CPU
		Release|x64 = Release|x64
		Release|x86 = Release|x86
	EndGlobalSection
	GlobalSection(ProjectConfigurationPlatforms) = postSolution
		{567153BB-B550-4EDF-AF8E-5172E7AC5B70}.Debug|Any CPU.ActiveCfg = Debug|Any CPU
		{567153BB-B550-4EDF-AF8E-5172E7AC5B70}.Debug|Any CPU.Build.0 = Debug|Any CPU
		{567153BB-B550-4EDF-AF8E-5172E7AC5B70}.Debug|x64.ActiveCfg = Debug|Any CPU
		{567153BB-B550-4EDF-AF8E-5172E7AC5B70}.Debug|x64.Build.0 = Debug|Any CPU
		{567153BB-B550-4EDF-AF8E-5172E7AC5B70}.Debug|x86.ActiveCfg = Debug|Any CPU
		{567153BB-B550-4EDF-AF8E-5172E7AC5B70}.Debug|x86.Build.0 = Debug|Any CPU
		{567153BB-B550-4EDF-AF8E-5172E7AC5B70}.Release|Any CPU.ActiveCfg = Release|Any CPU
		{567153BB-B550-4EDF-AF8E-5172E7AC5B70}.Release|Any CPU.Build.0 = Release|Any CPU
		{567153BB-B550-4EDF-AF8E-5172E7AC5B70}.Release|x64.ActiveCfg = Release|Any CPU
		{567153BB-B550-4EDF-AF8E-5172E7AC5B70}.Release|x64.Build.0 = Release|Any CPU
		{567153BB-B550-4EDF-AF8E-5172E7AC5B70}.Release|x86.ActiveCfg = Release|Any CPU
		{567153BB-B550-4EDF-AF8E-5172E7AC5B70}.Release|x86.Build.0 = Release|Any CPU
		{5EC1AD39-EECF-457D-A792-EA58C7D1EDBC}.Debug|Any CPU.ActiveCfg = Debug|Any CPU
		{5EC1AD39-EECF-457D-A792-EA58C7D1EDBC}.Debug|Any CPU.Build.0 = Debug|Any CPU
		{5EC1AD39-EECF-457D-A792-EA58C7D1EDBC}.Debug|x64.ActiveCfg = Debug|Any CPU
		{5EC1AD39-EECF-457D-A792-EA58C7D1EDBC}.Debug|x64.Build.0 = Debug|Any CPU
		{5EC1AD39-EECF-457D-A792-EA58C7D1EDBC}.Debug|x86.ActiveCfg = Debug|Any CPU
		{5EC1AD39-EECF-457D-A792-EA58C7D1EDBC}.Debug|x86.Build.0 = Debug|Any CPU
		{5EC1AD39-EECF-457D-A792-EA58C7D1EDBC}.Release|Any CPU.ActiveCfg = Release|Any CPU
		{5EC1AD39-EECF-457D-A792-EA58C7D1EDBC}.Release|Any CPU.Build.0 = Release|Any CPU
		{5EC1AD39-EECF-457D-A792-EA58C7D1EDBC}.Release|x64.ActiveCfg = Release|Any CPU
		{5EC1AD39-EECF-457D-A792-EA58C7D1EDBC}.Release|x64.Build.0 = Release|Any CPU
		{5EC1AD39-EECF-457D-A792-EA58C7D1EDBC}.Release|x86.ActiveCfg = Release|Any CPU
		{5EC1AD39-EECF-457D-A792-EA58C7D1EDBC}.Release|x86.Build.0 = Release|Any CPU
	EndGlobalSection
	GlobalSection(SolutionProperties) = preSolution
		HideSolutionNode = FALSE
	EndGlobalSection
EndGlobal
